{
  "name": "consulta-pps-uflo",
  "version": "0.1.0",
  "lockfileVersion": 3,
  "requires": true,
  "packages": {
    "": {
      "name": "consulta-pps-uflo",
      "version": "0.1.0",
      "dependencies": {
        "react": "^18.3.0",
        "react-dom": "^18.3.0",
        "xlsx": "^0.18.5"
      },
      "devDependencies": {
        "@types/react": "^18.3.3",
        "@types/react-dom": "^18.3.0",
        "@vitejs/plugin-react": "^4.3.1",
        "tailwindcss": "^3.4.4",
        "typescript": "^5.5.3",
        "vite": "^5.3.1"
      }
    },
    "node_modules/@babel/parser": {
      "version": "7.24.7",
      "resolved": "https://registry.npmjs.org/@babel/parser/-/parser-7.24.7.tgz",
      "integrity": "sha512-nAehSp2C0Y413f1i3yAO43iDLq35v29fSA2DcPA+fRga49Wk9i2nL8hEe9bgTcl7imRqs0tJgE1fG25mPfHlBA==",
      "dev": true,
      "bin": {
        "parser": "bin/babel-parser.js"
      },
      "engines": {
        "node": ">=6.0.0"
      }
    },
    "node_modules/@jridgewell/sourcemap-codec": {
      "version": "1.4.15",
      "resolved": "https://registry.npmjs.org/@jridgewell/sourcemap-codec/-/sourcemap-codec-1.4.15.tgz",
      "integrity": "sha512-eF2rxCRulEKXHTRiDrDy6erMYDqNw4vOFTLctT8oFrSo9VEbuhS2oAhBL5tLdA5Yv1vFkDyREl9pA7oaeBmrAg==",
      "dev": true
    },
    "node_modules/@types/babel__core": {
      "version": "7.20.5",
      "resolved": "https://registry.npmjs.org/@types/babel__core/-/babel__core-7.20.5.tgz",
      "integrity": "sha512-BSY9SbdLzPa/wev8FsZJNf2DBdOjdSokDHAmYJp2DvdLhEHxMnpb4lD4Ymj2L2wTKiPmRsnulPj47n8KnmZpOg==",
      "dev": true,
      "dependencies": {
        "@babel/parser": "^7.20.5",
        "@babel/types": "^7.20.5",
        "@types/babel__generator": "*",
        "@types/babel__template": "*",
        "@types/babel__traverse": "*"
      }
    },
    "node_modules/@types/babel__generator": {
      "version": "7.6.8",
      "resolved": "https://registry.npmjs.org/@types/babel__generator/-/babel__generator-7.6.8.tgz",
      "integrity": "sha512-3fHe3RTh3PSt3sHw1xOl1ks/O4revAJYdXT8FFk1aLAb2jATa2x2LCb8Y3VO2kHNx8m48aFlK2s2n3nDRy2zEA==",
      "dev": true,
      "dependencies": {
        "@babel/types": "^7.0.0"
      }
    },
    "node_modules/@types/babel__template": {
      "version": "7.4.4",
      "resolved": "https://registry.npmjs.org/@types/babel__template/-/babel__template-7.4.4.tgz",
      "integrity": "sha512-h/sPuHn6y2d25x25YjM58L3jq1jE/2tIAlG/e2TpcWn+4c2g6yviGfLq0o+sJsc1h50ae3t2sya8oCRg9x4Q+Q==",
      "dev": true,
      "dependencies": {
        "@babel/parser": "^7.4.0",
        "@babel/types": "^7.4.0"
      }
    },
    "node_modules/@types/babel__traverse": {
      "version": "7.20.5",
      "resolved": "https://registry.npmjs.org/@types/babel__traverse/-/babel__traverse-7.20.5.tgz",
      "integrity": "sha512-hpLBe34qrMGM4S3L9T22xW5EUn/2I3mbtfD9vdN6fB9Vp6eNiFh5uAhX7yXOtG5Q+k2kh2i7m5E8x5hHwQ+dCg==",
      "dev": true,
      "dependencies": {
        "@babel/types": "^7.20.5"
      }
    },
    "node_modules/@types/node": {
      "version": "20.14.9",
      "resolved": "https://registry.npmjs.org/@types/node/-/node-20.14.9.tgz",
      "integrity": "sha512-06OCtnTXtWOZJvCR4D6zJu3y/weA02grw0jRO51uEVOUr4Dkj5GP2hE6EY+trbi5XgN43v/QRd/9s9Nn1Y3TRg==",
      "dev": true,
      "dependencies": {
        "undici-types": "~5.26.4"
      }
    },
    "node_modules/@types/prop-types": {
      "version": "15.7.12",
      "resolved": "https://registry.npmjs.org/@types/prop-types/-/prop-types-15.7.12.tgz",
      "integrity": "sha512-5zvhXYS3icfN1wPKIxt8JZeI3aUgvoIFdCgDAbm2DvrRH91s/p322i6bTfLlEY3TzMY32xPo03gYl1IbfmLGBA==",
      "dev": true
    },
    "node_modules/@types/react": {
      "version": "18.3.3",
      "resolved": "https://registry.npmjs.org/@types/react/-/react-18.3.3.tgz",
      "integrity": "sha512-hti/R0pS0q1/xx+TsI73S6SqpCsJ4caqtKL5ITyDI9CJ70/uCSN+o7EwcYCRb5BfS7bE33M0NBF3M4ZF5z4s3w==",
      "dev": true,
      "dependencies": {
        "@types/prop-types": "*",
        "csstype": "^3.0.2"
      }
    },
    "node_modules/@types/react-dom": {
      "version": "18.3.0",
      "resolved": "https://registry.npmjs.org/@types/react-dom/-/react-dom-18.3.0.tgz",
      "integrity": "sha512-EhwOOg07iit23fO0bQEYo2q4rfgK3mAChkvsojzzMbz3CxkcFprV2g10oGZDVvvitk3L0s6L/AyW2V/o3kEX9A==",
      "dev": true,
      "dependencies": {
        "@types/react": "*"
      }
    },
    "node_modules/@vitejs/plugin-react": {
      "version": "4.3.1",
      "resolved": "https://registry.npmjs.org/@vitejs/plugin-react/-/plugin-react-4.3.1.tgz",
      "integrity": "sha512-S12mJ0kL7AYKpf2w2V0m80lHDU+aMGS1k0hN2aD6m6I66k2wY3/x9wE4aIMLdBS6W4mSkK229d1A4+zPGA==",
      "dev": true,
      "dependencies": {
        "@babel/parser": "^7.24.1",
        "@types/babel__core": "^7.20.5",
        "magic-string": "^0.30.8"
      },
      "engines": {
        "node": ">=18.0.0"
      },
      "peerDependencies": {
        "vite": ">=4.2.0"
      }
    },
    "node_modules/arg": {
      "version": "4.1.3",
      "resolved": "https://registry.npmjs.org/arg/-/arg-4.1.3.tgz",
      "integrity": "sha512-eSZt5LbPSCynCTVv6EB7gmpZ7fzaQMXcv2uiOA1RtIZPLbMsmprDCRhVjz+gh53vWxKxnkxxpNdSYnewpFUYxg==",
      "dev": true
    },
    "node_modules/commander": {
      "version": "4.1.1",
      "resolved": "https://registry.npmjs.org/commander/-/commander-4.1.1.tgz",
      "integrity": "sha512-NOAv6umK93RMsnGftgFFmzuMOKfyvFkcp2Uhfa6HAE245sMHyhpXj2LOKLTlectionp8e+53eHy0r7McLX0QtdaA==",
      "dev": true
    },
    "node_modules/csstype": {
      "version": "3.1.3",
      "resolved": "https://registry.npmjs.org/csstype/-/csstype-3.1.3.tgz",
      "integrity": "sha512-M1uQkMl8rQK/szD0LNhtqxIPLzpkHMy84Wf6f3f0lVcfThw2Ocdx6N/04LS6cBxSSr0GR2wQ9S+5iI5S19IOtw==",
      "dev": true
    },
    "node_modules/dlv": {
      "version": "1.1.3",
      "resolved": "https://registry.npmjs.org/dlv/-/dlv-1.1.3.tgz",
      "integrity": "sha512-szb3mM3Gg+pSMnF/TTo2ADsAHDJ/RUzY3m7o+A8LNAYAmK422Nr5wsYTeD/i1M/dIL4goj5LpL3v+mJpM5M33w==",
      "dev": true
    },
    "node_modules/es-module-lexer": {
      "version": "1.5.2",
      "resolved": "https://registry.npmjs.org/es-module-lexer/-/es-module-lexer-1.5.2.tgz",
      "integrity": "sha512-1l5BwUffl3s02a2/i/mHkK+w1SJxY4BgDkVYdDXOQq2w/Tu1aMRYvsb2FNW59tg/s7pDDWwYv4TqgW65I/xPmg==",
      "dev": true
    },
    "node_modules/esbuild": {
      "version": "0.21.5",
      "resolved": "https://registry.npmjs.org/esbuild/-/esbuild-0.21.5.tgz",
      "integrity": "sha512-y2Tyb5c5BwhsQVpPVM2Hh2nBhO8yy/tVLL1nnbpE7o9sVbNSD2WlB3oJp6+YlHi2T2kRNlIuK0K+J993IuEFlw==",
      "dev": true,
      "hasInstallScript": true,
      "bin": {
        "esbuild": "bin/esbuild"
      },
      "optionalDependencies": {
        "@esbuild/android-arm": "0.21.5",
        "@esbuild/android-arm64": "0.21.5",
        "@esbuild/android-x64": "0.21.5",
        "@esbuild/darwin-arm64": "0.21.5",
        "@esbuild/darwin-x64": "0.21.5",
        "@esbuild/freebsd-arm64": "0.21.5",
        "@esbuild/freebsd-x64": "0.21.5",
        "@esbuild/linux-arm": "0.21.5",
        "@esbuild/linux-arm64": "0.21.5",
        "@esbuild/linux-ia32": "0.21.5",
        "@esbuild/linux-loong64": "0.21.5",
        "@esbuild/linux-mips64el": "0.21.5",
        "@esbuild/linux-ppc64": "0.21.5",
        "@esbuild/linux-riscv64": "0.21.5",
        "@esbuild/linux-s390x": "0.21.5",
        "@esbuild/linux-x64": "0.21.5",
        "@esbuild/netbsd-x64": "0.21.5",
        "@esbuild/openbsd-x64": "0.21.5",
        "@esbuild/sunos-x64": "0.21.5",
        "@esbuild/win32-arm64": "0.21.5",
        "@esbuild/win32-ia32": "0.21.5",
        "@esbuild/win32-x64": "0.21.5"
      }
    },
    "node_modules/function-bind": {
      "version": "1.1.2",
      "resolved": "https://registry.npmjs.org/function-bind/-/function-bind-1.1.2.tgz",
      "integrity": "sha512-7XHNxH7qX9xG5mIwxkhumTox/MIRLq6yda0w4QABrdvGqIWXclxLtAaDdcGe9ieXm2F5/t3oVzloAk42YLpS+A==",
      "dev": true
    },
    "node_modules/hasown": {
      "version": "2.0.2",
      "resolved": "https://registry.npmjs.org/hasown/-/hasown-2.0.2.tgz",
      "integrity": "sha512-sP2ynRX3ysT4rC/gK4K5Bte9ac2wG5k+tL/uVhcrQrCgIid8L1+mm4Iwe5mk1E+2a2N8w3cSTiIotpO8Yv867w==",
      "dev": true,
      "dependencies": {
        "function-bind": "^1.1.2"
      },
      "engines": {
        "node": ">= 0.4"
      }
    },
    "node_modules/is-core-module": {
      "version": "2.13.1",
      "resolved": "https://registry.npmjs.org/is-core-module/-/is-core-module-2.13.1.tgz",
      "integrity": "sha512-hHrIjvZsftOsvKSn2TRYl63zvxajp3KGEs3yoiHlD5L0QAXEgL21vAAM4bTa2PfQ2sowL+ZzIe4D4xXteE+2dw==",
      "dev": true,
      "dependencies": {
        "hasown": "^2.0.0"
      },
      "funding": {
        "url": "https://github.com/sponsors/ljharb"
      }
    },
    "node_modules/js-tokens": {
      "version": "4.0.0",
      "resolved": "https://registry.npmjs.org/js-tokens/-/js-tokens-4.0.0.tgz",
      "integrity": "sha512-RdJUflcE3cUzKiMqQgsCu06FPu9UdIJO0beYbPhHN4k6apgJtifcoCtT9bcxOpYBtpD2kCM6Sbzg4CausW/PKQ=="
    },
    "node_modules/lilconfig": {
      "version": "2.1.0",
      "resolved": "https://registry.npmjs.org/lilconfig/-/lilconfig-2.1.0.tgz",
      "integrity": "sha512-utWOt/GHzuUe73D9623g9U/6fS3iiMER9yNsfs4w22b5S4dCq0HSuL/E/cCHvp8fzVbVxo20y5Gmbd3WvW3Y3Q==",
      "dev": true,
      "engines": {
        "node": ">=10"
      }
    },
    "node_modules/loose-envify": {
      "version": "1.4.0",
      "resolved": "https://registry.npmjs.org/loose-envify/-/loose-envify-1.4.0.tgz",
      "integrity": "sha512-lyuxPGr/Wfhrlem2CL/UcnUc1zcqKAImBDzukY7Y5F/yQiNdko6+fRLevlw1HgMySw7f611UIY408EtxRSoK3Q==",
      "dependencies": {
        "js-tokens": "^3.0.0 || ^4.0.0"
      },
      "bin": {
        "loose-envify": "cli.js"
      }
    },
    "node_modules/magic-string": {
      "version": "0.30.10",
      "resolved": "https://registry.npmjs.org/magic-string/-/magic-string-0.30.10.tgz",
      "integrity": "sha512-Y1yJ2djc0t8jaG1zGyFcOOH1Y/z1Zz4eS2agknMy9f38XBwTzT5f8xvzTwdI1U0AhwmeTfXvT2VWSg5f2rNBYA==",
      "dev": true,
      "dependencies": {
        "@jridgewell/sourcemap-codec": "^1.4.15"
      },
      "engines": {
        "node": ">=16"
      }
    },
    "node_modules/minimist": {
      "version": "1.2.8",
      "resolved": "https://registry.npmjs.org/minimist/-/minimist-1.2.8.tgz",
      "integrity": "sha512-2yyAR8qkvESfgB90jVMbiwH3gxpcy3SSOF5Pgy2MVLPOrvQoRhL27PvE3KnUhBv8TLuHWJqmM4gV1zQoJ3B2xg==",
      "dev": true,
      "funding": {
        "url": "https://github.com/sponsors/ljharb"
      }
    },
    "node_modules/nanoid": {
      "version": "3.3.7",
      "resolved": "https://registry.npmjs.org/nanoid/-/nanoid-3.3.7.tgz",
      "integrity": "sha512-eSRppjcPIat8EXwGEJRYXBCDSPdbwP2UWhF4mGItdJevtgDjzVDZfyS3iPEWln/a0p34Y6gEXxbvmaOFJWVRCw==",
      "dev": true,
      "funding": [
        {
          "type": "github",
          "url": "https://github.com/sponsors/ai"
        }
      ],
      "bin": {
        "nanoid": "bin/nanoid.js"
      },
      "engines": {
        "node": "^10 || ^12 || ^13.7 || ^14 || >=15.0.1"
      }
    },
    "node_modules/path-parse": {
      "version": "1.0.7",
      "resolved": "https://registry.npmjs.org/path-parse/-/path-parse-1.0.7.tgz",
      "integrity": "sha512-LDJzPVEEEPR+y48z93A0Ed0yXb8pAByGWo6/k5LoKEj2G0iaXM4+AnEhffvPEgY47r7FFBmsWtyePwG/MlA9dg==",
      "dev": true
    },
    "node_modules/picocolors": {
      "version": "1.0.1",
      "resolved": "https://registry.npmjs.org/picocolors/-/picocolors-1.0.1.tgz",
      "integrity": "sha512-anP1Z8qwhCfn6tBg+eLpzTRs05+1kS2esIyzzxcXnS2T6MGE5Oq4Lh2d0iN2s+i2P0Yh+x0r4m9YfB3k+Npq5w==",
      "dev": true
    },
    "node_modules/postcss": {
      "version": "8.4.38",
      "resolved": "https://registry.npmjs.org/postcss/-/postcss-8.4.38.tgz",
      "integrity": "sha512-WkD+D3G6NzGfQY8/3Ja1FkL458/i2yG2ciS1z6rraOK/U2loXYNmdC/8Q4sFREKk2L03np1f2p/OUHMbD0H4sQ==",
      "dev": true,
      "dependencies": {
        "nanoid": "^3.3.7",
        "picocolors": "^1.0.0",
        "source-map-js": "^1.2.0"
      },
      "engines": {
        "node": "^12 || ^14 || >=16"
      },
      "funding": {
        "type": "opencollective",
        "url": "https://opencollective.com/postcss"
      }
    },
    "node_modules/react": {
      "version": "18.3.1",
      "resolved": "https://registry.npmjs.org/react/-/react-18.3.1.tgz",
      "integrity": "sha512-wS+hAgJShR0KHevMHmDG243UGBIC+eYgfgECsnIem2Klr-0JC3pWwB1wB0BEb1v1Vwm3s1PJew3unNBLbTbD5A==",
      "dependencies": {
        "loose-envify": "^1.1.0"
      },
      "engines": {
        "node": ">=0.10.0"
      }
    },
    "node_modules/react-dom": {
      "version": "18.3.1",
      "resolved": "https://registry.npmjs.org/react-dom/-/react-dom-18.3.1.tgz",
      "integrity": "sha512-5m4nQKp+rZRb09LNH5gcEWa0MoOTj3Q24qap2KVMw21LFP0T2K7jM3MVdatAODVC/Rfn+wBg3qCRkdPRgT42+Q==",
      "dependencies": {
        "loose-envify": "^1.1.0",
        "scheduler": "^0.23.2"
      },
      "peerDependencies": {
        "react": "^18.3.1"
      }
    },
    "node_modules/resolve": {
      "version": "1.22.8",
      "resolved": "https://registry.npmjs.org/resolve/-/resolve-1.22.8.tgz",
      "integrity": "sha512-oKWePCVyBcrqCKX7jvaTQWOPDHZ+Vb49vK3L1Qe4iIFP2f29ctfw6CXYUiZpTVtPcnqNhhJ5FUT46rNuOJQlgQ==",
      "dev": true,
      "dependencies": {
        "is-core-module": "^2.13.0",
        "path-parse": "^1.0.7",
        "supports-preserve-symlinks-flag": "^1.0.0"
      },
      "bin": {
        "resolve": "bin/resolve"
      },
      "funding": {
        "url": "https://github.com/sponsors/ljharb"
      }
    },
    "node_modules/rollup": {
      "version": "4.18.0",
      "resolved": "https://registry.npmjs.org/rollup/-/rollup-4.18.0.tgz",
      "integrity": "sha512-36IUfM9gIRo2P2NVDH287abWTBqM3MLT+R2s79g2f2VEP3o5fP9lpep02D1Kx6rA2MneV+aE2R8KzPO+T5+nOQ==",
      "dev": true,
      "bin": {
        "rollup": "dist/bin/rollup"
      },
      "engines": {
        "node": ">=18.0.0",
        "npm": ">=8.0.0"
      },
      "optionalDependencies": {
        "fsevents": "~2.3.2"
      }
    },
    "node_modules/scheduler": {
      "version": "0.23.2",
      "resolved": "https://registry.npmjs.org/scheduler/-/scheduler-0.23.2.tgz",
      "integrity": "sha512-EaCxbanVeyxDRT3YOCsdP/WjVioScj3NHjROX4aC727FTb4p2QZ54i+eA71lA3a23Qf+wNPv3A+p/Gf2txf4/w==",
      "dependencies": {
        "loose-envify": "^1.1.0"
      }
    },
    "node_modules/source-map-js": {
      "version": "1.2.0",
      "resolved": "https://registry.npmjs.org/source-map-js/-/source-map-js-1.2.0.tgz",
      "integrity": "sha512-itJW8lvSA0mfiQQ2VFyPOK9rTYkL3uQh22kZdEAuS2k71l0SAsYilbSCo/32kME6i2p/s4Wc2i21fsqu1eN5sA==",
      "dev": true,
      "engines": {
        "node": ">=0.10.0"
      }
    },
    "node_modules/supports-preserve-symlinks-flag": {
      "version": "1.0.0",
      "resolved": "https://registry.npmjs.org/supports-preserve-symlinks-flag/-/supports-preserve-symlinks-flag-1.0.0.tgz",
      "integrity": "sha512-ot0WnXS9fgdkgIcePe6RnpPDheI9OB1ks2vbNE1yAZ9H5oyPkRY0u4/A5C+flNEAbqPX5vsTC4+3Vg83ubLdwA==",
      "dev": true,
      "engines": {
        "node": ">= 0.4"
      },
      "funding": {
        "url": "https://github.com/sponsors/ljharb"
      }
    },
    "node_modules/tailwindcss": {
      "version": "3.4.4",
      "resolved": "https://registry.npmjs.org/tailwindcss/-/tailwindcss-3.4.4.tgz",
      "integrity": "sha512-q2mXoLbHklEj5wFY2gYwIOjEpjXkM2J1VAN0QG5t4kY2goSjGzk0e+xtpM/LgNprtqj2+3IWB5z5xT/oO1T3wQ==",
      "dev": true,
      "dependencies": {
        "arg": "^4.1.3",
        "commander": "^4.1.1",
        "dlv": "^1.1.3",
        "lilconfig": "^2.1.0",
        "minimist": "^1.2.8",
        "picocolors": "^1.0.1",
        "postcss": "^8.4.32"
      },
      "bin": {
        "tailwind": "lib/cli.js",
        "tailwindcss": "lib/cli.js"
      },
      "engines": {
        "node": ">=14.0.0"
      }
    },
    "node_modules/typescript": {
      "version": "5.5.3",
      "resolved": "https://registry.npmjs.org/typescript/-/typescript-5.5.3.tgz",
      "integrity": "sha512-FnBRgLsa2ADmDoA+OP0bzexxerDPOp4LIH3iBfg6mtg3pfC6LdETG4DkBCjsmD1W2G2Lnp2QyRjP6cP/Skssxg==",
      "dev": true,
      "bin": {
        "tsc": "bin/tsc",
        "tsserver": "bin/tsserver"
      },
      "engines": {
        "node": ">=14.17"
      }
    },
    "node_modules/undici-types": {
      "version": "5.26.5",
      "resolved": "https://registry.npmjs.org/undici-types/-/undici-types-5.26.5.tgz",
      "integrity": "sha512-JlCMO+ehdEIKqlFxk6IfVoAUVmgz7cU7zD/h9XZ0qzeosSHmUJVOzSQvvYSYWXkFXC+IfLKSIffhv0sVZup6pA==",
      "dev": true
    },
    "node_modules/vite": {
      "version": "5.3.1",
      "resolved": "https://registry.npmjs.org/vite/-/vite-5.3.1.tgz",
      "integrity": "sha512-3Xer2b2pI4+yKdecNfGkHHz6g5f8R0t92Jj64cWbIsi5H3bM5XkTR6X0l65iL1KOT+f71S+J3kAY1+32pA9Yg==",
      "dev": true,
      "dependencies": {
        "es-module-lexer": "^1.5.1",
        "esbuild": "^0.21.2",
        "picocolors": "^1.0.1",
        "postcss": "^8.4.38",
        "resolve": "^1.22.8",
        "rollup": "^4.17.2"
      },
      "bin": {
        "vite": "bin/vite.js"
      },
      "engines": {
        "node": ">=18.0.0"
      },
      "funding": {
        "url": "https://github.com/sponsors/yyx990803"
      },
      "optionalDependencies": {
        "fsevents": "~2.3.3"
      }
    },
    "node_modules/xlsx": {
      "version": "0.18.5",
      "resolved": "https://registry.npmjs.org/xlsx/-/xlsx-0.18.5.tgz",
      "integrity": "sha512-Xm9S2f7VEHrBEjLGl8IuMIIcp5eTQwzD8g7L6QG4yoZpWpB39vFmm1z3GuR/NfAUW2WOOa0o/Xxjcd19OD+3VA==",
      "bin": {
        "xlsx": "bin/xlsx.njs"
      },
      "engines": {
        "node": ">=0.8"
      }
    }
  }
}